{
    "name": "setup",
    "version": "1.0.0",
    "lockfileVersion": 2,
    "requires": true,
    "packages": {
        "": {
            "name": "setup",
            "version": "1.0.0",
            "bin": {
                "setup": "index.js"
            },
            "devDependencies": {
                "@swc/core": "^1.2.148",
                "@swc/helpers": "^0.3.6",
                "@types/node": "^17.0.13",
                "typescript": "^4.6.2"
            }
        },
        "node_modules/@swc/core": {
            "version": "1.2.179",
            "resolved": "https://registry.npmjs.org/@swc/core/-/core-1.2.179.tgz",
            "integrity": "sha512-B1O4acip37cNfMxKYG9Ptrrmcc3mcklFnSuRT9UtHr92Nq26o7omuturK0HCoKqLVReU05psfhDzx+K6H1tbNQ==",
            "dev": true,
            "bin": {
                "swcx": "run_swcx.js"
            },
            "engines": {
                "node": ">=10"
            },
            "funding": {
                "type": "opencollective",
                "url": "https://opencollective.com/swc"
            },
            "optionalDependencies": {
                "@swc/core-android-arm-eabi": "1.2.179",
                "@swc/core-android-arm64": "1.2.179",
                "@swc/core-darwin-arm64": "1.2.179",
                "@swc/core-darwin-x64": "1.2.179",
                "@swc/core-freebsd-x64": "1.2.179",
                "@swc/core-linux-arm-gnueabihf": "1.2.179",
                "@swc/core-linux-arm64-gnu": "1.2.179",
                "@swc/core-linux-arm64-musl": "1.2.179",
                "@swc/core-linux-x64-gnu": "1.2.179",
                "@swc/core-linux-x64-musl": "1.2.179",
                "@swc/core-win32-arm64-msvc": "1.2.179",
                "@swc/core-win32-ia32-msvc": "1.2.179",
                "@swc/core-win32-x64-msvc": "1.2.179"
            }
        },
        "node_modules/@swc/core-android-arm-eabi": {
            "version": "1.2.179",
            "resolved": "https://registry.npmjs.org/@swc/core-android-arm-eabi/-/core-android-arm-eabi-1.2.179.tgz",
            "integrity": "sha512-86a0zDxgT+9xwakvAo14YmPF2H34i3nG/Vfq4WLXV5JRNQgylMIFMVWPMmCp4pRFeFnM+XunkepADoc9cxd7cg==",
            "cpu": [
                "arm"
            ],
            "dev": true,
            "optional": true,
            "os": [
                "android"
            ],
            "engines": {
                "node": ">=10"
            }
        },
        "node_modules/@swc/core-android-arm64": {
            "version": "1.2.179",
            "resolved": "https://registry.npmjs.org/@swc/core-android-arm64/-/core-android-arm64-1.2.179.tgz",
            "integrity": "sha512-Se+b84pXxQ9t+w5gAs+U8htxc/ry7xfGGpalo7+KSzH96rsQPcuBL2MIeOxrL/E68eVsUk5RF457FoAkCobI2A==",
            "cpu": [
                "arm64"
            ],
            "dev": true,
            "optional": true,
            "os": [
                "android"
            ],
            "engines": {
                "node": ">=10"
            }
        },
        "node_modules/@swc/core-darwin-arm64": {
            "version": "1.2.179",
            "resolved": "https://registry.npmjs.org/@swc/core-darwin-arm64/-/core-darwin-arm64-1.2.179.tgz",
            "integrity": "sha512-Jj0ZoIXpgt+/9a6GD/L68uuoMG4Lnq4wAp/n9gQQPw5CwiLuhZELPBqsrjfKVz/I/Iz24IbAJcEEZ3iaODaxdA==",
            "cpu": [
                "arm64"
            ],
            "dev": true,
            "optional": true,
            "os": [
                "darwin"
            ],
            "engines": {
                "node": ">=10"
            }
        },
        "node_modules/@swc/core-darwin-x64": {
            "version": "1.2.179",
            "resolved": "https://registry.npmjs.org/@swc/core-darwin-x64/-/core-darwin-x64-1.2.179.tgz",
            "integrity": "sha512-GBF4BPFn170l1oZDBsNaZpiyPdyIXQmDOXtg8LGVFHvFire4n2jgjw/i6Fh4sefi1B+lc1LP6KmfOuMhLaBukg==",
            "cpu": [
                "x64"
            ],
            "dev": true,
            "optional": true,
            "os": [
                "darwin"
            ],
            "engines": {
                "node": ">=10"
            }
        },
        "node_modules/@swc/core-freebsd-x64": {
            "version": "1.2.179",
            "resolved": "https://registry.npmjs.org/@swc/core-freebsd-x64/-/core-freebsd-x64-1.2.179.tgz",
            "integrity": "sha512-2ooBzQ4iEyuXZLz6iTyu5YW4rKIOSxZbP6UbrFT8aX/FLypBktkeKyad+4WpXQNC5vRxks1VUKS9eNh2BvbWwA==",
            "cpu": [
                "x64"
            ],
            "dev": true,
            "optional": true,
            "os": [
                "freebsd"
            ],
            "engines": {
                "node": ">=10"
            }
        },
        "node_modules/@swc/core-linux-arm-gnueabihf": {
            "version": "1.2.179",
            "resolved": "https://registry.npmjs.org/@swc/core-linux-arm-gnueabihf/-/core-linux-arm-gnueabihf-1.2.179.tgz",
            "integrity": "sha512-Pf0r7eUYViCWnlTOx8LjceA3r+XGa0GXXEUfwLjQ8wZQUEhNN02hsCz6F2d9Q3WYkzNJVYXu87I6BUY+L9GWAQ==",
            "cpu": [
                "arm"
            ],
            "dev": true,
            "optional": true,
            "os": [
                "linux"
            ],
            "engines": {
                "node": ">=10"
            }
        },
        "node_modules/@swc/core-linux-arm64-gnu": {
            "version": "1.2.179",
            "resolved": "https://registry.npmjs.org/@swc/core-linux-arm64-gnu/-/core-linux-arm64-gnu-1.2.179.tgz",
            "integrity": "sha512-Dqx48DJvxI0r7yFCZkopOo8/AVNlep/05BYxXv7UzZSiJpiYS8pAGwuboeOJwF83aaW7hT4vx+HLUDvUTTfSWQ==",
            "cpu": [
                "arm64"
            ],
            "dev": true,
            "optional": true,
            "os": [
                "linux"
            ],
            "engines": {
                "node": ">=10"
            }
        },
        "node_modules/@swc/core-linux-arm64-musl": {
            "version": "1.2.179",
            "resolved": "https://registry.npmjs.org/@swc/core-linux-arm64-musl/-/core-linux-arm64-musl-1.2.179.tgz",
            "integrity": "sha512-wHYvSsP/qTQwVJKBBK1duUvbySHYL7BL8ge+IcAEjTy62K38z0mPg9j2nSqeSldBi7y1foudbKqUA9qwoAC9oQ==",
            "cpu": [
                "arm64"
            ],
            "dev": true,
            "optional": true,
            "os": [
                "linux"
            ],
            "engines": {
                "node": ">=10"
            }
        },
        "node_modules/@swc/core-linux-x64-gnu": {
            "version": "1.2.179",
            "resolved": "https://registry.npmjs.org/@swc/core-linux-x64-gnu/-/core-linux-x64-gnu-1.2.179.tgz",
            "integrity": "sha512-orVaK4BIa4qIW298uxvsKaeQLHqjZpxbaCATOnFibUBx2nX+P/MTHZm3WB1qgdmeKto8SEyFGkV8PAMcbFu5Rg==",
            "cpu": [
                "x64"
            ],
            "dev": true,
            "optional": true,
            "os": [
                "linux"
            ],
            "engines": {
                "node": ">=10"
            }
        },
        "node_modules/@swc/core-linux-x64-musl": {
            "version": "1.2.179",
            "resolved": "https://registry.npmjs.org/@swc/core-linux-x64-musl/-/core-linux-x64-musl-1.2.179.tgz",
            "integrity": "sha512-UG2zrpg5C0iq0BwSJpoxMgraM2jt9CItCRVaiZki7kg0wuIIdjwjXTOuf7XJ939WefLVrB0fu9uVKLfZAzuuxA==",
            "cpu": [
                "x64"
            ],
            "dev": true,
            "optional": true,
            "os": [
                "linux"
            ],
            "engines": {
                "node": ">=10"
            }
        },
        "node_modules/@swc/core-win32-arm64-msvc": {
            "version": "1.2.179",
            "resolved": "https://registry.npmjs.org/@swc/core-win32-arm64-msvc/-/core-win32-arm64-msvc-1.2.179.tgz",
            "integrity": "sha512-am0P4A/7gDrU/HlGthf2Ozxfm8/zduOdigMD/ynTgEv11+gwWVnmr+sVR1l83BnXp3H765/LoC2eu8UiAbjGHA==",
            "cpu": [
                "arm64"
            ],
            "dev": true,
            "optional": true,
            "os": [
                "win32"
            ],
            "engines": {
                "node": ">=10"
            }
        },
        "node_modules/@swc/core-win32-ia32-msvc": {
            "version": "1.2.179",
            "resolved": "https://registry.npmjs.org/@swc/core-win32-ia32-msvc/-/core-win32-ia32-msvc-1.2.179.tgz",
            "integrity": "sha512-Do7Y+nMhF3+0rFl6pmtQJ6DqCbliAHpSIKx/eC3NzspS4qPSddWwcLgajWl22ueouAj/79rx+FYUSRCNOHpjTg==",
            "cpu": [
                "ia32"
            ],
            "dev": true,
            "optional": true,
            "os": [
                "win32"
            ],
            "engines": {
                "node": ">=10"
            }
        },
        "node_modules/@swc/core-win32-x64-msvc": {
            "version": "1.2.179",
            "resolved": "https://registry.npmjs.org/@swc/core-win32-x64-msvc/-/core-win32-x64-msvc-1.2.179.tgz",
            "integrity": "sha512-xA/pd6ri0eJ1bqQRT8h0xVa1wclFvLddp5mUhTEfxhtajrPkdriEUCoFOo4ySJhz86cjpTIoa81iq3XLpGQsMQ==",
            "cpu": [
                "x64"
            ],
            "dev": true,
            "optional": true,
            "os": [
                "win32"
            ],
            "engines": {
                "node": ">=10"
            }
        },
        "node_modules/@swc/helpers": {
            "version": "0.3.13",
            "resolved": "https://registry.npmjs.org/@swc/helpers/-/helpers-0.3.13.tgz",
            "integrity": "sha512-A1wswJhnqaLRn8uYVQ8YiNTtY5i/JIPmV08EXXjjTresIkUVUEUaFv/wXVhGXfRNYMvHPkuoMR1Nb6NgpxGjNg==",
            "dev": true,
            "dependencies": {
                "tslib": "^2.4.0"
            }
        },
        "node_modules/@types/node": {
            "version": "17.0.31",
            "resolved": "https://registry.npmjs.org/@types/node/-/node-17.0.31.tgz",
            "integrity": "sha512-AR0x5HbXGqkEx9CadRH3EBYx/VkiUgZIhP4wvPn/+5KIsgpNoyFaRlVe0Zlx9gRtg8fA06a9tskE2MSN7TcG4Q==",
            "dev": true
        },
        "node_modules/tslib": {
            "version": "2.4.0",
            "resolved": "https://registry.npmjs.org/tslib/-/tslib-2.4.0.tgz",
            "integrity": "sha512-d6xOpEDfsi2CZVlPQzGeux8XMwLT9hssAsaPYExaQMuYskwb+x1x7J371tWlbBdWHroy99KnVB6qIkUbs5X3UQ==",
            "dev": true
        },
        "node_modules/typescript": {
            "version": "4.6.4",
            "resolved": "https://registry.npmjs.org/typescript/-/typescript-4.6.4.tgz",
            "integrity": "sha512-9ia/jWHIEbo49HfjrLGfKbZSuWo9iTMwXO+Ca3pRsSpbsMbc7/IU8NKdCZVRRBafVPGnoJeFL76ZOAA84I9fEg==",
            "dev": true,
            "bin": {
                "tsc": "bin/tsc",
                "tsserver": "bin/tsserver"
            },
            "engines": {
                "node": ">=4.2.0"
            }
        }
    },
    "dependencies": {
        "@swc/core": {
            "version": "1.2.179",
            "resolved": "https://registry.npmjs.org/@swc/core/-/core-1.2.179.tgz",
            "integrity": "sha512-B1O4acip37cNfMxKYG9Ptrrmcc3mcklFnSuRT9UtHr92Nq26o7omuturK0HCoKqLVReU05psfhDzx+K6H1tbNQ==",
            "dev": true,
            "requires": {
                "@swc/core-android-arm-eabi": "1.2.179",
                "@swc/core-android-arm64": "1.2.179",
                "@swc/core-darwin-arm64": "1.2.179",
                "@swc/core-darwin-x64": "1.2.179",
                "@swc/core-freebsd-x64": "1.2.179",
                "@swc/core-linux-arm-gnueabihf": "1.2.179",
                "@swc/core-linux-arm64-gnu": "1.2.179",
                "@swc/core-linux-arm64-musl": "1.2.179",
                "@swc/core-linux-x64-gnu": "1.2.179",
                "@swc/core-linux-x64-musl": "1.2.179",
                "@swc/core-win32-arm64-msvc": "1.2.179",
                "@swc/core-win32-ia32-msvc": "1.2.179",
                "@swc/core-win32-x64-msvc": "1.2.179"
            }
        },
        "@swc/core-android-arm-eabi": {
            "version": "1.2.179",
            "resolved": "https://registry.npmjs.org/@swc/core-android-arm-eabi/-/core-android-arm-eabi-1.2.179.tgz",
            "integrity": "sha512-86a0zDxgT+9xwakvAo14YmPF2H34i3nG/Vfq4WLXV5JRNQgylMIFMVWPMmCp4pRFeFnM+XunkepADoc9cxd7cg==",
            "dev": true,
            "optional": true
        },
        "@swc/core-android-arm64": {
            "version": "1.2.179",
            "resolved": "https://registry.npmjs.org/@swc/core-android-arm64/-/core-android-arm64-1.2.179.tgz",
            "integrity": "sha512-Se+b84pXxQ9t+w5gAs+U8htxc/ry7xfGGpalo7+KSzH96rsQPcuBL2MIeOxrL/E68eVsUk5RF457FoAkCobI2A==",
            "dev": true,
            "optional": true
        },
        "@swc/core-darwin-arm64": {
            "version": "1.2.179",
            "resolved": "https://registry.npmjs.org/@swc/core-darwin-arm64/-/core-darwin-arm64-1.2.179.tgz",
            "integrity": "sha512-Jj0ZoIXpgt+/9a6GD/L68uuoMG4Lnq4wAp/n9gQQPw5CwiLuhZELPBqsrjfKVz/I/Iz24IbAJcEEZ3iaODaxdA==",
            "dev": true,
            "optional": true
        },
        "@swc/core-darwin-x64": {
            "version": "1.2.179",
            "resolved": "https://registry.npmjs.org/@swc/core-darwin-x64/-/core-darwin-x64-1.2.179.tgz",
            "integrity": "sha512-GBF4BPFn170l1oZDBsNaZpiyPdyIXQmDOXtg8LGVFHvFire4n2jgjw/i6Fh4sefi1B+lc1LP6KmfOuMhLaBukg==",
            "dev": true,
            "optional": true
        },
        "@swc/core-freebsd-x64": {
            "version": "1.2.179",
            "resolved": "https://registry.npmjs.org/@swc/core-freebsd-x64/-/core-freebsd-x64-1.2.179.tgz",
            "integrity": "sha512-2ooBzQ4iEyuXZLz6iTyu5YW4rKIOSxZbP6UbrFT8aX/FLypBktkeKyad+4WpXQNC5vRxks1VUKS9eNh2BvbWwA==",
            "dev": true,
            "optional": true
        },
        "@swc/core-linux-arm-gnueabihf": {
            "version": "1.2.179",
            "resolved": "https://registry.npmjs.org/@swc/core-linux-arm-gnueabihf/-/core-linux-arm-gnueabihf-1.2.179.tgz",
            "integrity": "sha512-Pf0r7eUYViCWnlTOx8LjceA3r+XGa0GXXEUfwLjQ8wZQUEhNN02hsCz6F2d9Q3WYkzNJVYXu87I6BUY+L9GWAQ==",
            "dev": true,
            "optional": true
        },
        "@swc/core-linux-arm64-gnu": {
            "version": "1.2.179",
            "resolved": "https://registry.npmjs.org/@swc/core-linux-arm64-gnu/-/core-linux-arm64-gnu-1.2.179.tgz",
            "integrity": "sha512-Dqx48DJvxI0r7yFCZkopOo8/AVNlep/05BYxXv7UzZSiJpiYS8pAGwuboeOJwF83aaW7hT4vx+HLUDvUTTfSWQ==",
            "dev": true,
            "optional": true
        },
        "@swc/core-linux-arm64-musl": {
            "version": "1.2.179",
            "resolved": "https://registry.npmjs.org/@swc/core-linux-arm64-musl/-/core-linux-arm64-musl-1.2.179.tgz",
            "integrity": "sha512-wHYvSsP/qTQwVJKBBK1duUvbySHYL7BL8ge+IcAEjTy62K38z0mPg9j2nSqeSldBi7y1foudbKqUA9qwoAC9oQ==",
            "dev": true,
            "optional": true
        },
        "@swc/core-linux-x64-gnu": {
            "version": "1.2.179",
            "resolved": "https://registry.npmjs.org/@swc/core-linux-x64-gnu/-/core-linux-x64-gnu-1.2.179.tgz",
            "integrity": "sha512-orVaK4BIa4qIW298uxvsKaeQLHqjZpxbaCATOnFibUBx2nX+P/MTHZm3WB1qgdmeKto8SEyFGkV8PAMcbFu5Rg==",
            "dev": true,
            "optional": true
        },
        "@swc/core-linux-x64-musl": {
            "version": "1.2.179",
            "resolved": "https://registry.npmjs.org/@swc/core-linux-x64-musl/-/core-linux-x64-musl-1.2.179.tgz",
            "integrity": "sha512-UG2zrpg5C0iq0BwSJpoxMgraM2jt9CItCRVaiZki7kg0wuIIdjwjXTOuf7XJ939WefLVrB0fu9uVKLfZAzuuxA==",
            "dev": true,
            "optional": true
        },
        "@swc/core-win32-arm64-msvc": {
            "version": "1.2.179",
            "resolved": "https://registry.npmjs.org/@swc/core-win32-arm64-msvc/-/core-win32-arm64-msvc-1.2.179.tgz",
            "integrity": "sha512-am0P4A/7gDrU/HlGthf2Ozxfm8/zduOdigMD/ynTgEv11+gwWVnmr+sVR1l83BnXp3H765/LoC2eu8UiAbjGHA==",
            "dev": true,
            "optional": true
        },
        "@swc/core-win32-ia32-msvc": {
            "version": "1.2.179",
            "resolved": "https://registry.npmjs.org/@swc/core-win32-ia32-msvc/-/core-win32-ia32-msvc-1.2.179.tgz",
            "integrity": "sha512-Do7Y+nMhF3+0rFl6pmtQJ6DqCbliAHpSIKx/eC3NzspS4qPSddWwcLgajWl22ueouAj/79rx+FYUSRCNOHpjTg==",
            "dev": true,
            "optional": true
        },
        "@swc/core-win32-x64-msvc": {
            "version": "1.2.179",
            "resolved": "https://registry.npmjs.org/@swc/core-win32-x64-msvc/-/core-win32-x64-msvc-1.2.179.tgz",
            "integrity": "sha512-xA/pd6ri0eJ1bqQRT8h0xVa1wclFvLddp5mUhTEfxhtajrPkdriEUCoFOo4ySJhz86cjpTIoa81iq3XLpGQsMQ==",
            "dev": true,
            "optional": true
        },
        "@swc/helpers": {
            "version": "0.3.13",
            "resolved": "https://registry.npmjs.org/@swc/helpers/-/helpers-0.3.13.tgz",
            "integrity": "sha512-A1wswJhnqaLRn8uYVQ8YiNTtY5i/JIPmV08EXXjjTresIkUVUEUaFv/wXVhGXfRNYMvHPkuoMR1Nb6NgpxGjNg==",
            "dev": true,
            "requires": {
                "tslib": "^2.4.0"
            }
        },
        "@types/node": {
            "version": "17.0.31",
            "resolved": "https://registry.npmjs.org/@types/node/-/node-17.0.31.tgz",
            "integrity": "sha512-AR0x5HbXGqkEx9CadRH3EBYx/VkiUgZIhP4wvPn/+5KIsgpNoyFaRlVe0Zlx9gRtg8fA06a9tskE2MSN7TcG4Q==",
            "dev": true
        },
        "tslib": {
            "version": "2.4.0",
            "resolved": "https://registry.npmjs.org/tslib/-/tslib-2.4.0.tgz",
            "integrity": "sha512-d6xOpEDfsi2CZVlPQzGeux8XMwLT9hssAsaPYExaQMuYskwb+x1x7J371tWlbBdWHroy99KnVB6qIkUbs5X3UQ==",
            "dev": true
        },
        "typescript": {
            "version": "4.6.4",
            "resolved": "https://registry.npmjs.org/typescript/-/typescript-4.6.4.tgz",
            "integrity": "sha512-9ia/jWHIEbo49HfjrLGfKbZSuWo9iTMwXO+Ca3pRsSpbsMbc7/IU8NKdCZVRRBafVPGnoJeFL76ZOAA84I9fEg==",
            "dev": true
        }
    }
}
